Microsoft Visual Studio Solution File, Format Version 12.00
# Visual Studio 15
VisualStudioVersion = 15.0.26124.0
MinimumVisualStudioVersion = 15.0.26124.0
Project("{FAE04EC0-301F-11D3-BF4B-00C04F79EFBC}") = "MudaeFarm", "MudaeFarm\MudaeFarm.csproj", "{88CF7FD4-A846-4D8E-9B55-4C89572C205B}"
EndProject
Project("{2150E333-8FDC-42A3-9474-1A3956D46DE8}") = "Disqord", "Disqord", "{FCBAD09C-A2B5-4C6C-8E89-8C5761E90080}"
EndProject
Project("{FAE04EC0-301F-11D3-BF4B-00C04F79EFBC}") = "Disqord.Core", "Disqord\src\Disqord.Core\Disqord.Core.csproj", "{BED52771-8EF5-47C1-8C5B-6221036148BD}"
EndProject
Project("{FAE04EC0-301F-11D3-BF4B-00C04F79EFBC}") = "Disqord.Serialization.Json.Newtonsoft", "Disqord\src\Disqord.Serialization.Newtonsoft\Disqord.Serialization.Json.Newtonsoft.csproj", "{2191A2BC-AFEB-49BA-AF90-B856B6A479CC}"
EndProject
Project("{FAE04EC0-301F-11D3-BF4B-00C04F79EFBC}") = "Disqord.Rest", "Disqord\src\Disqord.Rest\Disqord.Rest.csproj", "{39B192EE-96DB-489D-9D55-7843B4FC6430}"
EndProject
Project("{FAE04EC0-301F-11D3-BF4B-00C04F79EFBC}") = "Disqord", "Disqord\src\Disqord\Disqord.csproj", "{ADA97BE8-719C-4A28-A2B1-AB591C9DB28A}"
EndProject
Global
	GlobalSection(SolutionConfigurationPlatforms) = preSolution
		Debug|Any CPU = Debug|Any CPU
		Debug|x64 = Debug|x64
		Debug|x86 = Debug|x86
		Release|Any CPU = Release|Any CPU
		Release|x64 = Release|x64
		Release|x86 = Release|x86
	EndGlobalSection
	GlobalSection(SolutionProperties) = preSolution
		HideSolutionNode = FALSE
	EndGlobalSection
	GlobalSection(ProjectConfigurationPlatforms) = postSolution
		{88CF7FD4-A846-4D8E-9B55-4C89572C205B}.Debug|Any CPU.ActiveCfg = Debug|Any CPU
		{88CF7FD4-A846-4D8E-9B55-4C89572C205B}.Debug|Any CPU.Build.0 = Debug|Any CPU
		{88CF7FD4-A846-4D8E-9B55-4C89572C205B}.Debug|x64.ActiveCfg = Debug|Any CPU
		{88CF7FD4-A846-4D8E-9B55-4C89572C205B}.Debug|x64.Build.0 = Debug|Any CPU
		{88CF7FD4-A846-4D8E-9B55-4C89572C205B}.Debug|x86.ActiveCfg = Debug|Any CPU
		{88CF7FD4-A846-4D8E-9B55-4C89572C205B}.Debug|x86.Build.0 = Debug|Any CPU
		{88CF7FD4-A846-4D8E-9B55-4C89572C205B}.Release|Any CPU.ActiveCfg = Release|Any CPU
		{88CF7FD4-A846-4D8E-9B55-4C89572C205B}.Release|Any CPU.Build.0 = Release|Any CPU
		{88CF7FD4-A846-4D8E-9B55-4C89572C205B}.Release|x64.ActiveCfg = Release|Any CPU
		{88CF7FD4-A846-4D8E-9B55-4C89572C205B}.Release|x64.Build.0 = Release|Any CPU
		{88CF7FD4-A846-4D8E-9B55-4C89572C205B}.Release|x86.ActiveCfg = Release|Any CPU
		{88CF7FD4-A846-4D8E-9B55-4C89572C205B}.Release|x86.Build.0 = Release|Any CPU
		{BED52771-8EF5-47C1-8C5B-6221036148BD}.Debug|Any CPU.ActiveCfg = Debug|Any CPU
		{BED52771-8EF5-47C1-8C5B-6221036148BD}.Debug|Any CPU.Build.0 = Debug|Any CPU
		{BED52771-8EF5-47C1-8C5B-6221036148BD}.Debug|x64.ActiveCfg = Debug|Any CPU
		{BED52771-8EF5-47C1-8C5B-6221036148BD}.Debug|x64.Build.0 = Debug|Any CPU
		{BED52771-8EF5-47C1-8C5B-6221036148BD}.Debug|x86.ActiveCfg = Debug|Any CPU
		{BED52771-8EF5-47C1-8C5B-6221036148BD}.Debug|x86.Build.0 = Debug|Any CPU
		{BED52771-8EF5-47C1-8C5B-6221036148BD}.Release|Any CPU.ActiveCfg = Release|Any CPU
		{BED52771-8EF5-47C1-8C5B-6221036148BD}.Release|Any CPU.Build.0 = Release|Any CPU
		{BED52771-8EF5-47C1-8C5B-6221036148BD}.Release|x64.ActiveCfg = Release|Any CPU
		{BED52771-8EF5-47C1-8C5B-6221036148BD}.Release|x64.Build.0 = Release|Any CPU
		{BED52771-8EF5-47C1-8C5B-6221036148BD}.Release|x86.ActiveCfg = Release|Any CPU
		{BED52771-8EF5-47C1-8C5B-6221036148BD}.Release|x86.Build.0 = Release|Any CPU
		{2191A2BC-AFEB-49BA-AF90-B856B6A479CC}.Debug|Any CPU.ActiveCfg = Debug|Any CPU
		{2191A2BC-AFEB-49BA-AF90-B856B6A479CC}.Debug|Any CPU.Build.0 = Debug|Any CPU
		{2191A2BC-AFEB-49BA-AF90-B856B6A479CC}.Debug|x64.ActiveCfg = Debug|Any CPU
		{2191A2BC-AFEB-49BA-AF90-B856B6A479CC}.Debug|x64.Build.0 = Debug|Any CPU
		{2191A2BC-AFEB-49BA-AF90-B856B6A479CC}.Debug|x86.ActiveCfg = Debug|Any CPU
		{2191A2BC-AFEB-49BA-AF90-B856B6A479CC}.Debug|x86.Build.0 = Debug|Any CPU
		{2191A2BC-AFEB-49BA-AF90-B856B6A479CC}.Release|Any CPU.ActiveCfg = Release|Any CPU
		{2191A2BC-AFEB-49BA-AF90-B856B6A479CC}.Release|Any CPU.Build.0 = Release|Any CPU
		{2191A2BC-AFEB-49BA-AF90-B856B6A479CC}.Release|x64.ActiveCfg = Release|Any CPU
		{2191A2BC-AFEB-49BA-AF90-B856B6A479CC}.Release|x64.Build.0 = Release|Any CPU
		{2191A2BC-AFEB-49BA-AF90-B856B6A479CC}.Release|x86.ActiveCfg = Release|Any CPU
		{2191A2BC-AFEB-49BA-AF90-B856B6A479CC}.Release|x86.Build.0 = Release|Any CPU
		{39B192EE-96DB-489D-9D55-7843B4FC6430}.Debug|Any CPU.ActiveCfg = Debug|Any CPU
		{39B192EE-96DB-489D-9D55-7843B4FC6430}.Debug|Any CPU.Build.0 = Debug|Any CPU
		{39B192EE-96DB-489D-9D55-7843B4FC6430}.Debug|x64.ActiveCfg = Debug|Any CPU
		{39B192EE-96DB-489D-9D55-7843B4FC6430}.Debug|x64.Build.0 = Debug|Any CPU
		{39B192EE-96DB-489D-9D55-7843B4FC6430}.Debug|x86.ActiveCfg = Debug|Any CPU
		{39B192EE-96DB-489D-9D55-7843B4FC6430}.Debug|x86.Build.0 = Debug|Any CPU
		{39B192EE-96DB-489D-9D55-7843B4FC6430}.Release|Any CPU.ActiveCfg = Release|Any CPU
		{39B192EE-96DB-489D-9D55-7843B4FC6430}.Release|Any CPU.Build.0 = Release|Any CPU
		{39B192EE-96DB-489D-9D55-7843B4FC6430}.Release|x64.ActiveCfg = Release|Any CPU
		{39B192EE-96DB-489D-9D55-7843B4FC6430}.Release|x64.Build.0 = Release|Any CPU
		{39B192EE-96DB-489D-9D55-7843B4FC6430}.Release|x86.ActiveCfg = Release|Any CPU
		{39B192EE-96DB-489D-9D55-7843B4FC6430}.Release|x86.Build.0 = Release|Any CPU
		{ADA97BE8-719C-4A28-A2B1-AB591C9DB28A}.Debug|Any CPU.ActiveCfg = Debug|Any CPU
		{ADA97BE8-719C-4A28-A2B1-AB591C9DB28A}.Debug|Any CPU.Build.0 = Debug|Any CPU
		{ADA97BE8-719C-4A28-A2B1-AB591C9DB28A}.Debug|x64.ActiveCfg = Debug|Any CPU
		{ADA97BE8-719C-4A28-A2B1-AB591C9DB28A}.Debug|x64.Build.0 = Debug|Any CPU
		{ADA97BE8-719C-4A28-A2B1-AB591C9DB28A}.Debug|x86.ActiveCfg = Debug|Any CPU
		{ADA97BE8-719C-4A28-A2B1-AB591C9DB28A}.Debug|x86.Build.0 = Debug|Any CPU
		{ADA97BE8-719C-4A28-A2B1-AB591C9DB28A}.Release|Any CPU.ActiveCfg = Release|Any CPU
		{ADA97BE8-719C-4A28-A2B1-AB591C9DB28A}.Release|Any CPU.Build.0 = Release|Any CPU
		{ADA97BE8-719C-4A28-A2B1-AB591C9DB28A}.Release|x64.ActiveCfg = Release|Any CPU
		{ADA97BE8-719C-4A28-A2B1-AB591C9DB28A}.Release|x64.Build.0 = Release|Any CPU
		{ADA97BE8-719C-4A28-A2B1-AB591C9DB28A}.Release|x86.ActiveCfg = Release|Any CPU
		{ADA97BE8-719C-4A28-A2B1-AB591C9DB28A}.Release|x86.Build.0 = Release|Any CPU
	EndGlobalSection
	GlobalSection(NestedProjects) = preSolution
		{BED52771-8EF5-47C1-8C5B-6221036148BD} = {FCBAD09C-A2B5-4C6C-8E89-8C5761E90080}
		{2191A2BC-AFEB-49BA-AF90-B856B6A479CC} = {FCBAD09C-A2B5-4C6C-8E89-8C5761E90080}
		{39B192EE-96DB-489D-9D55-7843B4FC6430} = {FCBAD09C-A2B5-4C6C-8E89-8C5761E90080}
		{ADA97BE8-719C-4A28-A2B1-AB591C9DB28A} = {FCBAD09C-A2B5-4C6C-8E89-8C5761E90080}
	EndGlobalSection
EndGlobal
